// !$*UTF8*$!
{
	archiveVersion = 1;
	classes = {
	};
	objectVersion = 46;
	objects = {

/* Begin PBXBuildFile section */
		0397F88F19862188004B482C /* main.m in Sources */ = {isa = PBXBuildFile; fileRef = 0397F88E19862188004B482C /* main.m */; };
		0397F89219862188004B482C /* AppDelegate.m in Sources */ = {isa = PBXBuildFile; fileRef = 0397F89119862188004B482C /* AppDelegate.m */; };
		0397F89519862188004B482C /* ViewController.m in Sources */ = {isa = PBXBuildFile; fileRef = 0397F89419862188004B482C /* ViewController.m */; };
		0397F89819862188004B482C /* Main.storyboard in Resources */ = {isa = PBXBuildFile; fileRef = 0397F89619862188004B482C /* Main.storyboard */; };
		0397F89A19862189004B482C /* Images.xcassets in Resources */ = {isa = PBXBuildFile; fileRef = 0397F89919862189004B482C /* Images.xcassets */; };
		0397F8A619862189004B482C /* HelloWorldTests.m in Sources */ = {isa = PBXBuildFile; fileRef = 0397F8A519862189004B482C /* HelloWorldTests.m */; };
/* End PBXBuildFile section */

/* Begin PBXContainerItemProxy section */
		0397F8A019862189004B482C /* PBXContainerItemProxy */ = {
			isa = PBXContainerItemProxy;
			containerPortal = 0397F88119862188004B482C /* Project object */;
			proxyType = 1;
			remoteGlobalIDString = 0397F88819862188004B482C;
			remoteInfo = HelloWorld;
		};
/* End PBXContainerItemProxy section */

/* Begin PBXFileReference section */
		0397F88919862188004B482C /* HelloWorld.app */ = {isa = PBXFileReference; explicitFileType = wrapper.application; includeInIndex = 0; path = HelloWorld.app; sourceTree = BUILT_PRODUCTS_DIR; };
		0397F88D19862188004B482C /* Info.plist */ = {isa = PBXFileReference; lastKnownFileType = text.plist.xml; path = Info.plist; sourceTree = "<group>"; };
		0397F88E19862188004B482C /* main.m */ = {isa = PBXFileReference; lastKnownFileType = sourcecode.c.objc; path = main.m; sourceTree = "<group>"; };
		0397F89019862188004B482C /* AppDelegate.h */ = {isa = PBXFileReference; lastKnownFileType = sourcecode.c.h; path = AppDelegate.h; sourceTree = "<group>"; };
		0397F89119862188004B482C /* AppDelegate.m */ = {isa = PBXFileReference; lastKnownFileType = sourcecode.c.objc; path = AppDelegate.m; sourceTree = "<group>"; };
		0397F89319862188004B482C /* ViewController.h */ = {isa = PBXFileReference; lastKnownFileType = sourcecode.c.h; path = ViewController.h; sourceTree = "<group>"; };
		0397F89419862188004B482C /* ViewController.m */ = {isa = PBXFileReference; lastKnownFileType = sourcecode.c.objc; path = ViewController.m; sourceTree = "<group>"; };
		0397F89719862188004B482C /* Base */ = {isa = PBXFileReference; lastKnownFileType = file.storyboard; name = Base; path = Base.lproj/Main.storyboard; sourceTree = "<group>"; };
		0397F89919862189004B482C /* Images.xcassets */ = {isa = PBXFileReference; lastKnownFileType = folder.assetcatalog; path = Images.xcassets; sourceTree = "<group>"; };
		0397F89F19862189004B482C /* HelloWorldTests.xctest */ = {isa = PBXFileReference; explicitFileType = wrapper.cfbundle; includeInIndex = 0; path = HelloWorldTests.xctest; sourceTree = BUILT_PRODUCTS_DIR; };
		0397F8A419862189004B482C /* Info.plist */ = {isa = PBXFileReference; lastKnownFileType = text.plist.xml; path = Info.plist; sourceTree = "<group>"; };
		0397F8A519862189004B482C /* HelloWorldTests.m */ = {isa = PBXFileReference; lastKnownFileType = sourcecode.c.objc; path = HelloWorldTests.m; sourceTree = "<group>"; };
/* End PBXFileReference section */

/* Begin PBXFrameworksBuildPhase section */
		0397F88619862188004B482C /* Frameworks */ = {
			isa = PBXFrameworksBuildPhase;
			buildActionMask = 2147483647;
			files = (
			);
			runOnlyForDeploymentPostprocessing = 0;
		};
		0397F89C19862189004B482C /* Frameworks */ = {
			isa = PBXFrameworksBuildPhase;
			buildActionMask = 2147483647;
			files = (
			);
			runOnlyForDeploymentPostprocessing = 0;
		};
/* End PBXFrameworksBuildPhase section */

/* Begin PBXGroup section */
		0397F88019862188004B482C = {
			isa = PBXGroup;
			children = (
				0397F88B19862188004B482C /* HelloWorld */,
				0397F8A219862189004B482C /* HelloWorldTests */,
				0397F88A19862188004B482C /* Products */,
			);
			sourceTree = "<group>";
		};
		0397F88A19862188004B482C /* Products */ = {
			isa = PBXGroup;
			children = (
				0397F88919862188004B482C /* HelloWorld.app */,
				0397F89F19862189004B482C /* HelloWorldTests.xctest */,
			);
			name = Products;
			sourceTree = "<group>";
		};
		0397F88B19862188004B482C /* HelloWorld */ = {
			isa = PBXGroup;
			children = (
				0397F89019862188004B482C /* AppDelegate.h */,
				0397F89119862188004B482C /* AppDelegate.m */,
				0397F89319862188004B482C /* ViewController.h */,
				0397F89419862188004B482C /* ViewController.m */,
				0397F89619862188004B482C /* Main.storyboard */,
				0397F89919862189004B482C /* Images.xcassets */,
				0397F88C19862188004B482C /* Supporting Files */,
			);
			path = HelloWorld;
			sourceTree = "<group>";
		};
		0397F88C19862188004B482C /* Supporting Files */ = {
			isa = PBXGroup;
			children = (
				0397F88D19862188004B482C /* Info.plist */,
				0397F88E19862188004B482C /* main.m */,
			);
			name = "Supporting Files";
			sourceTree = "<group>";
		};
		0397F8A219862189004B482C /* HelloWorldTests */ = {
			isa = PBXGroup;
			children = (
				0397F8A519862189004B482C /* HelloWorldTests.m */,
				0397F8A319862189004B482C /* Supporting Files */,
			);
			path = HelloWorldTests;
			sourceTree = "<group>";
		};
		0397F8A319862189004B482C /* Supporting Files */ = {
			isa = PBXGroup;
			children = (
				0397F8A419862189004B482C /* Info.plist */,
			);
			name = "Supporting Files";
			sourceTree = "<group>";
		};
/* End PBXGroup section */

/* Begin PBXNativeTarget section */
		0397F88819862188004B482C /* HelloWorld */ = {
			isa = PBXNativeTarget;
			buildConfigurationList = 0397F8A919862189004B482C /* Build configuration list for PBXNativeTarget "HelloWorld" */;
			buildPhases = (
				0397F88519862188004B482C /* Sources */,
				0397F88619862188004B482C /* Frameworks */,
				0397F88719862188004B482C /* Resources */,
			);
			buildRules = (
			);
			dependencies = (
			);
			name = HelloWorld;
			productName = HelloWorld;
			productReference = 0397F88919862188004B482C /* HelloWorld.app */;
			productType = "com.apple.product-type.application";
		};
		0397F89E19862189004B482C /* HelloWorldTests */ = {
			isa = PBXNativeTarget;
			buildConfigurationList = 0397F8AC19862189004B482C /* Build configuration list for PBXNativeTarget "HelloWorldTests" */;
			buildPhases = (
				0397F89B19862189004B482C /* Sources */,
				0397F89C19862189004B482C /* Frameworks */,
				0397F89D19862189004B482C /* Resources */,
			);
			buildRules = (
			);
			dependencies = (
				0397F8A119862189004B482C /* PBXTargetDependency */,
			);
			name = HelloWorldTests;
			productName = HelloWorldTests;
			productReference = 0397F89F19862189004B482C /* HelloWorldTests.xctest */;
			productType = "com.apple.product-type.bundle.unit-test";
		};
/* End PBXNativeTarget section */

/* Begin PBXProject section */
		0397F88119862188004B482C /* Project object */ = {
			isa = PBXProject;
			attributes = {
				LastUpgradeCheck = 0600;
				ORGANIZATIONNAME = "Grant Timmerman";
				TargetAttributes = {
					0397F88819862188004B482C = {
						CreatedOnToolsVersion = 6.0;
						DevelopmentTeam = 6Q7K283DQH;
					};
					0397F89E19862189004B482C = {
						CreatedOnToolsVersion = 6.0;
						TestTargetID = 0397F88819862188004B482C;
					};
				};
			};
			buildConfigurationList = 0397F88419862188004B482C /* Build configuration list for PBXProject "HelloWorld" */;
			compatibilityVersion = "Xcode 3.2";
			developmentRegion = English;
			hasScannedForEncodings = 0;
			knownRegions = (
				en,
				Base,
			);
			mainGroup = 0397F88019862188004B482C;
			productRefGroup = 0397F88A19862188004B482C /* Products */;
			projectDirPath = "";
			projectRoot = "";
			targets = (
				0397F88819862188004B482C /* HelloWorld */,
				0397F89E19862189004B482C /* HelloWorldTests */,
			);
		};
/* End PBXProject section */

/* Begin PBXResourcesBuildPhase section */
		0397F88719862188004B482C /* Resources */ = {
			isa = PBXResourcesBuildPhase;
			buildActionMask = 2147483647;
			files = (
				0397F89819862188004B482C /* Main.storyboard in Resources */,
				0397F89A19862189004B482C /* Images.xcassets in Resources */,
			);
			runOnlyForDeploymentPostprocessing = 0;
		};
		0397F89D19862189004B482C /* Resources */ = {
			isa = PBXResourcesBuildPhase;
			buildActionMask = 2147483647;
			files = (
			);
			runOnlyForDeploymentPostprocessing = 0;
		};
/* End PBXResourcesBuildPhase section */

/* Begin PBXSourcesBuildPhase section */
		0397F88519862188004B482C /* Sources */ = {
			isa = PBXSourcesBuildPhase;
			buildActionMask = 2147483647;
			files = (
				0397F89519862188004B482C /* ViewController.m in Sources */,
				0397F89219862188004B482C /* AppDelegate.m in Sources */,
				0397F88F19862188004B482C /* main.m in Sources */,
			);
			runOnlyForDeploymentPostprocessing = 0;
		};
		0397F89B19862189004B482C /* Sources */ = {
			isa = PBXSourcesBuildPhase;
			buildActionMask = 2147483647;
			files = (
				0397F8A619862189004B482C /* HelloWorldTests.m in Sources */,
			);
			runOnlyForDeploymentPostprocessing = 0;
		};
/* End PBXSourcesBuildPhase section */

/* Begin PBXTargetDependency section */
		0397F8A119862189004B482C /* PBXTargetDependency */ = {
			isa = PBXTargetDependency;
			target = 0397F88819862188004B482C /* HelloWorld */;
			targetProxy = 0397F8A019862189004B482C /* PBXContainerItemProxy */;
		};
/* End PBXTargetDependency section */

/* Begin PBXVariantGroup section */
		0397F89619862188004B482C /* Main.storyboard */ = {
			isa = PBXVariantGroup;
			children = (
				0397F89719862188004B482C /* Base */,
			);
			name = Main.storyboard;
			sourceTree = "<group>";
		};
/* End PBXVariantGroup section */

/* Begin XCBuildConfiguration section */
		0397F8A719862189004B482C /* Debug */ = {
			isa = XCBuildConfiguration;
			buildSettings = {
				ALWAYS_SEARCH_USER_PATHS = NO;
				CLANG_CXX_LANGUAGE_STANDARD = "gnu++0x";
				CLANG_CXX_LIBRARY = "libc++";
				CLANG_ENABLE_MODULES = YES;
				CLANG_ENABLE_OBJC_ARC = YES;
				CLANG_WARN_BOOL_CONVERSION = YES;
				CLANG_WARN_CONSTANT_CONVERSION = YES;
				CLANG_WARN_DIRECT_OBJC_ISA_USAGE = YES_ERROR;
				CLANG_WARN_EMPTY_BODY = YES;
				CLANG_WARN_ENUM_CONVERSION = YES;
				CLANG_WARN_INT_CONVERSION = YES;
				CLANG_WARN_OBJC_ROOT_CLASS = YES_ERROR;
				CLANG_WARN_UNREACHABLE_CODE = YES;
				CLANG_WARN__DUPLICATE_METHOD_MATCH = YES;
				"CODE_SIGN_IDENTITY[sdk=iphoneos*]" = "iPhone Developer";
				COPY_PHASE_STRIP = NO;
				ENABLE_STRICT_OBJC_MSGSEND = YES;
				GCC_C_LANGUAGE_STANDARD = gnu99;
				GCC_DYNAMIC_NO_PIC = NO;
				GCC_OPTIMIZATION_LEVEL = 0;
				GCC_PREPROCESSOR_DEFINITIONS = (
					"DEBUG=1",
					"$(inherited)",
				);
				GCC_SYMBOLS_PRIVATE_EXTERN = NO;
				GCC_WARN_64_TO_32_BIT_CONVERSION = YES;
				GCC_WARN_ABOUT_RETURN_TYPE = YES_ERROR;
				GCC_WARN_UNDECLARED_SELECTOR = YES;
				GCC_WARN_UNINITIALIZED_AUTOS = YES_AGGRESSIVE;
				GCC_WARN_UNUSED_FUNCTION = YES;
				GCC_WARN_UNUSED_VARIABLE = YES;
				IPHONEOS_DEPLOYMENT_TARGET = 8.0;
				METAL_ENABLE_DEBUG_INFO = YES;
				ONLY_ACTIVE_ARCH = YES;
				SDKROOT = iphoneos;
			};
			name = Debug;
		};
		0397F8A819862189004B482C /* Release */ = {
			isa = XCBuildConfiguration;
			buildSettings = {
				ALWAYS_SEARCH_USER_PATHS = NO;
				CLANG_CXX_LANGUAGE_STANDARD = "gnu++0x";
				CLANG_CXX_LIBRARY = "libc++";
				CLANG_ENABLE_MODULES = YES;
				CLANG_ENABLE_OBJC_ARC = YES;
				CLANG_WARN_BOOL_CONVERSION = YES;
				CLANG_WARN_CONSTANT_CONVERSION = YES;
				CLANG_WARN_DIRECT_OBJC_ISA_USAGE = YES_ERROR;
				CLANG_WARN_EMPTY_BODY = YES;
				CLANG_WARN_ENUM_CONVERSION = YES;
				CLANG_WARN_INT_CONVERSION = YES;
				CLANG_WARN_OBJC_ROOT_CLASS = YES_ERROR;
				CLANG_WARN_UNREACHABLE_CODE = YES;
				CLANG_WARN__DUPLICATE_METHOD_MATCH = YES;
				"CODE_SIGN_IDENTITY[sdk=iphoneos*]" = "iPhone Developer";
				COPY_PHASE_STRIP = YES;
				ENABLE_NS_ASSERTIONS = NO;
				ENABLE_STRICT_OBJC_MSGSEND = YES;
				GCC_C_LANGUAGE_STANDARD = gnu99;
				GCC_WARN_64_TO_32_BIT_CONVERSION = YES;
				GCC_WARN_ABOUT_RETURN_TYPE = YES_ERROR;
				GCC_WARN_UNDECLARED_SELECTOR = YES;
				GCC_WARN_UNINITIALIZED_AUTOS = YES_AGGRESSIVE;
				GCC_WARN_UNUSED_FUNCTION = YES;
				GCC_WARN_UNUSED_VARIABLE = YES;
				IPHONEOS_DEPLOYMENT_TARGET = 8.0;
				METAL_ENABLE_DEBUG_INFO = NO;
				SDKROOT = iphoneos;
				VALIDATE_PRODUCT = YES;
			};
			name = Release;
		};
		0397F8AA19862189004B482C /* Debug */ = {
			isa = XCBuildConfiguration;
			buildSettings = {
				ASSETCATALOG_COMPILER_APPICON_NAME = AppIcon;
				ASSETCATALOG_COMPILER_LAUNCHIMAGE_NAME = LaunchImage;
				INFOPLIST_FILE = HelloWorld/Info.plist;
				LD_RUNPATH_SEARCH_PATHS = "$(inherited) @executable_path/Frameworks";
				PRODUCT_NAME = "$(TARGET_NAME)";
			};
			name = Debug;
		};
		0397F8AB19862189004B482C /* Release */ = {
			isa = XCBuildConfiguration;
			buildSettings = {
				ASSETCATALOG_COMPILER_APPICON_NAME = AppIcon;
				ASSETCATALOG_COMPILER_LAUNCHIMAGE_NAME = LaunchImage;
				INFOPLIST_FILE = HelloWorld/Info.plist;
				LD_RUNPATH_SEARCH_PATHS = "$(inherited) @executable_path/Frameworks";
				PRODUCT_NAME = "$(TARGET_NAME)";
			};
			name = Release;
		};
		0397F8AD19862189004B482C /* Debug */ = {
			isa = XCBuildConfiguration;
			buildSettings = {
				BUNDLE_LOADER = "$(BUILT_PRODUCTS_DIR)/HelloWorld.app/HelloWorld";
				FRAMEWORK_SEARCH_PATHS = (
					"$(SDKROOT)/Developer/Library/Frameworks",
					"$(inherited)",
				);
				GCC_PREPROCESSOR_DEFINITIONS = (
					"DEBUG=1",
					"$(inherited)",
				);
				INFOPLIST_FILE = HelloWorldTests/Info.plist;
				LD_RUNPATH_SEARCH_PATHS = "$(inherited) @executable_path/Frameworks @loader_path/Frameworks";
				METAL_ENABLE_DEBUG_INFO = YES;
				PRODUCT_NAME = "$(TARGET_NAME)";
				TEST_HOST = "$(BUNDLE_LOADER)";
			};
			name = Debug;
		};
		0397F8AE19862189004B482C /* Release */ = {
			isa = XCBuildConfiguration;
			buildSettings = {
				BUNDLE_LOADER = "$(BUILT_PRODUCTS_DIR)/HelloWorld.app/HelloWorld";
				FRAMEWORK_SEARCH_PATHS = (
					"$(SDKROOT)/Developer/Library/Frameworks",
					"$(inherited)",
				);
				INFOPLIST_FILE = HelloWorldTests/Info.plist;
				LD_RUNPATH_SEARCH_PATHS = "$(inherited) @executable_path/Frameworks @loader_path/Frameworks";
				METAL_ENABLE_DEBUG_INFO = NO;
				PRODUCT_NAME = "$(TARGET_NAME)";
				TEST_HOST = "$(BUNDLE_LOADER)";
			};
			name = Release;
		};
/* End XCBuildConfiguration section */

/* Begin XCConfigurationList section */
		0397F88419862188004B482C /* Build configuration list for PBXProject "HelloWorld" */ = {
			isa = XCConfigurationList;
			buildConfigurations = (
				0397F8A719862189004B482C /* Debug */,
				0397F8A819862189004B482C /* Release */,
			);
			defaultConfigurationIsVisible = 0;
			defaultConfigurationName = Release;
		};
		0397F8A919862189004B482C /* Build configuration list for PBXNativeTarget "HelloWorld" */ = {
			isa = XCConfigurationList;
			buildConfigurations = (
				0397F8AA19862189004B482C /* Debug */,
				0397F8AB19862189004B482C /* Release */,
			);
			defaultConfigurationIsVisible = 0;
		};
		0397F8AC19862189004B482C /* Build configuration list for PBXNativeTarget "HelloWorldTests" */ = {
			isa = XCConfigurationList;
			buildConfigurations = (
				0397F8AD19862189004B482C /* Debug */,
				0397F8AE19862189004B482C /* Release */,
			);
			defaultConfigurationIsVisible = 0;
		};
/* End XCConfigurationList section */
	};
	rootObject = 0397F88119862188004B482C /* Project object */;
}
